
Microsoft Visual Studio Solution File, Format Version 12.00
# Visual Studio Version 17
VisualStudioVersion = 17.11.35208.52
MinimumVisualStudioVersion = 10.0.40219.1
Project("{9A19103F-16F7-4668-BE54-9A1E7A4F7556}") = "CppPad.Gui", "src\CppPad.Gui\CppPad.Gui.csproj", "{7AFD83D9-6AAB-4567-A053-C9F79EFD4BD8}"
EndProject
Project("{9A19103F-16F7-4668-BE54-9A1E7A4F7556}") = "CppPad.CompilerAdapter.Interface", "src\CppPad.CompilerAdapter.Interface\CppPad.CompilerAdapter.Interface.csproj", "{CCC98DD7-B6E9-45C3-9D6A-570E8303D5A1}"
EndProject
Project("{9A19103F-16F7-4668-BE54-9A1E7A4F7556}") = "CppPad.CompilerAdapter.Msvc", "src\CppPad.CompilerAdapter.Msvc\CppPad.CompilerAdapter.Msvc.csproj", "{169FDE59-CD53-4F57-B27E-553FDA156AFF}"
EndProject
Project("{9A19103F-16F7-4668-BE54-9A1E7A4F7556}") = "CppPad.Configuration.Interface", "src\CppPad.Configuration.Interface\CppPad.Configuration.Interface.csproj", "{944A87F0-7E5E-40BB-9327-1AA838C39E57}"
EndProject
Project("{9A19103F-16F7-4668-BE54-9A1E7A4F7556}") = "CppPad.Configuration.Json", "src\CppPad.Configuration.Json\CppPad.Configuration.Json.csproj", "{482F25EE-D534-4869-9B5A-255CBBE556C8}"
EndProject
Project("{2150E333-8FDC-42A3-9474-1A3956D46DE8}") = "Configuration", "Configuration", "{4E8D3ED7-0CD1-4F84-BE62-34270B8501FD}"
EndProject
Project("{2150E333-8FDC-42A3-9474-1A3956D46DE8}") = "CompilerAdapter", "CompilerAdapter", "{FB339FAC-9F68-4CBC-9411-EB104DCBBEBB}"
EndProject
Project("{9A19103F-16F7-4668-BE54-9A1E7A4F7556}") = "CppPad.FileSystem", "src\CppPad.FileSystem\CppPad.FileSystem.csproj", "{8D7D93C7-50E3-4291-BA11-FA9C2F2CB608}"
EndProject
Project("{9A19103F-16F7-4668-BE54-9A1E7A4F7556}") = "CppPad.Common", "src\CppPad.Common\CppPad.Common.csproj", "{03C928C7-A3E7-4A96-9B07-385B8A5378A8}"
EndProject
Project("{2150E333-8FDC-42A3-9474-1A3956D46DE8}") = "Common", "Common", "{5AADBD6D-150E-4699-BB0E-8F598591FB8C}"
EndProject
Project("{2150E333-8FDC-42A3-9474-1A3956D46DE8}") = "GUI", "GUI", "{94A22296-FA27-4748-8985-9D6FA3F6931B}"
EndProject
Project("{2150E333-8FDC-42A3-9474-1A3956D46DE8}") = "Test", "Test", "{ACFBB731-A040-4DE3-A075-53C1873AFF18}"
EndProject
Project("{9A19103F-16F7-4668-BE54-9A1E7A4F7556}") = "CppPad.Configuration.UnitTest", "test\CppPad.Configuration.UnitTest\CppPad.Configuration.UnitTest.csproj", "{991FAFC3-B2E3-408F-8D9A-0EF587A4E7FF}"
EndProject
Project("{9A19103F-16F7-4668-BE54-9A1E7A4F7556}") = "CppPad.MockFileSystem", "test\CppPad.MockFileSystem\CppPad.MockFileSystem.csproj", "{F603B91C-3C46-42CA-BE1B-363DEFE2F16C}"
EndProject
Project("{9A19103F-16F7-4668-BE54-9A1E7A4F7556}") = "CppPad.CompilerAdapter.Msvc.UnitTest", "test\CppPad.CompilerAdapter.Msvc.UnitTest\CppPad.CompilerAdapter.Msvc.UnitTest.csproj", "{E38C945C-FC67-45C9-88C7-F7B591B46FC6}"
EndProject
Project("{2150E333-8FDC-42A3-9474-1A3956D46DE8}") = "ScriptFile", "ScriptFile", "{6ADAE61C-8BEA-46DC-A287-841319BA0CA7}"
EndProject
Project("{9A19103F-16F7-4668-BE54-9A1E7A4F7556}") = "CppPad.ScriptFile.Interface", "src\CppPad.ScriptFile.Interface\CppPad.ScriptFile.Interface.csproj", "{3F04A1A9-B08B-4E9D-99D0-76AE6B5A8698}"
EndProject
Project("{9A19103F-16F7-4668-BE54-9A1E7A4F7556}") = "CppPad.ScriptFile.Json", "src\CppPad.ScriptFile.Json\CppPad.ScriptFile.Json.csproj", "{AB14A943-2CFA-441C-A475-3DF5696279D5}"
EndProject
Project("{9A19103F-16F7-4668-BE54-9A1E7A4F7556}") = "CppPad.ScriptFile.Json.UnitTest", "test\CppPad.ScriptFile.Json.UnitTest\CppPad.ScriptFile.Json.UnitTest.csproj", "{B88B0698-EBFA-4A05-B3F5-BD753237C57E}"
EndProject
Project("{9A19103F-16F7-4668-BE54-9A1E7A4F7556}") = "CppPad.Common.UnitTest", "test\CppPad.Common.UnitTest\CppPad.Common.UnitTest.csproj", "{9BE27A7C-D672-4431-893C-C02029485D15}"
EndProject
Project("{9A19103F-16F7-4668-BE54-9A1E7A4F7556}") = "CppPad.ScriptFileLoader.Interface", "src\CppPad.ScriptFileLoader.Interface\CppPad.ScriptFileLoader.Interface.csproj", "{0DAD8E69-BD19-4676-8782-8AF6201E5043}"
EndProject
Project("{9A19103F-16F7-4668-BE54-9A1E7A4F7556}") = "CppPad.ScriptFileLoader.OnFileSystem", "src\CppPad.ScriptFileLoader.OnFileSystem\CppPad.ScriptFileLoader.OnFileSystem.csproj", "{F7B0AA63-2076-4863-BFE4-F03FC244308C}"
EndProject
Project("{9A19103F-16F7-4668-BE54-9A1E7A4F7556}") = "CppPad.ScriptFileLoader.OnFileSystem.UnitTest", "test\CppPad.ScriptFileLoader.OnFileSystem.UnitTest\CppPad.ScriptFileLoader.OnFileSystem.UnitTest.csproj", "{1FB19F5C-C51E-4AA3-ACB4-228535C553E8}"
EndProject
Project("{9A19103F-16F7-4668-BE54-9A1E7A4F7556}") = "CppPad.Gui.UnitTest", "test\CppPad.Gui.UnitTest\CppPad.Gui.UnitTest.csproj", "{17D9CB5F-D54C-4560-B15E-15720CF42943}"
EndProject
Project("{2150E333-8FDC-42A3-9474-1A3956D46DE8}") = "Solution Items", "Solution Items", "{4A1DFBEA-74E2-4590-AC13-202F903D839D}"
	ProjectSection(SolutionItems) = preProject
		TODO.txt = TODO.txt
	EndProjectSection
EndProject
Project("{2150E333-8FDC-42A3-9474-1A3956D46DE8}") = "Benchmark", "Benchmark", "{2D9AE1BB-45CF-4D0C-BFE1-23BBBC5DD74A}"
EndProject
Project("{9A19103F-16F7-4668-BE54-9A1E7A4F7556}") = "CppPad.Benchmark.Interface", "src\CppPad.Benchmark.Interface\CppPad.Benchmark.Interface.csproj", "{57F8CEAF-3604-435F-81BF-0CF7047294E8}"
EndProject
Project("{9A19103F-16F7-4668-BE54-9A1E7A4F7556}") = "CppPad.Benchmark.Gbench", "src\CppPad.Benchmark.Gbench\CppPad.Benchmark.Gbench.csproj", "{FAF94AF5-1AFD-413D-A893-4D3DFF312D12}"
EndProject
Global
	GlobalSection(SolutionConfigurationPlatforms) = preSolution
		Debug|Any CPU = Debug|Any CPU
		Release|Any CPU = Release|Any CPU
	EndGlobalSection
	GlobalSection(ProjectConfigurationPlatforms) = postSolution
		{7AFD83D9-6AAB-4567-A053-C9F79EFD4BD8}.Debug|Any CPU.ActiveCfg = Debug|Any CPU
		{7AFD83D9-6AAB-4567-A053-C9F79EFD4BD8}.Debug|Any CPU.Build.0 = Debug|Any CPU
		{7AFD83D9-6AAB-4567-A053-C9F79EFD4BD8}.Release|Any CPU.ActiveCfg = Release|Any CPU
		{7AFD83D9-6AAB-4567-A053-C9F79EFD4BD8}.Release|Any CPU.Build.0 = Release|Any CPU
		{CCC98DD7-B6E9-45C3-9D6A-570E8303D5A1}.Debug|Any CPU.ActiveCfg = Debug|Any CPU
		{CCC98DD7-B6E9-45C3-9D6A-570E8303D5A1}.Debug|Any CPU.Build.0 = Debug|Any CPU
		{CCC98DD7-B6E9-45C3-9D6A-570E8303D5A1}.Release|Any CPU.ActiveCfg = Release|Any CPU
		{CCC98DD7-B6E9-45C3-9D6A-570E8303D5A1}.Release|Any CPU.Build.0 = Release|Any CPU
		{169FDE59-CD53-4F57-B27E-553FDA156AFF}.Debug|Any CPU.ActiveCfg = Debug|Any CPU
		{169FDE59-CD53-4F57-B27E-553FDA156AFF}.Debug|Any CPU.Build.0 = Debug|Any CPU
		{169FDE59-CD53-4F57-B27E-553FDA156AFF}.Release|Any CPU.ActiveCfg = Release|Any CPU
		{169FDE59-CD53-4F57-B27E-553FDA156AFF}.Release|Any CPU.Build.0 = Release|Any CPU
		{944A87F0-7E5E-40BB-9327-1AA838C39E57}.Debug|Any CPU.ActiveCfg = Debug|Any CPU
		{944A87F0-7E5E-40BB-9327-1AA838C39E57}.Debug|Any CPU.Build.0 = Debug|Any CPU
		{944A87F0-7E5E-40BB-9327-1AA838C39E57}.Release|Any CPU.ActiveCfg = Release|Any CPU
		{944A87F0-7E5E-40BB-9327-1AA838C39E57}.Release|Any CPU.Build.0 = Release|Any CPU
		{482F25EE-D534-4869-9B5A-255CBBE556C8}.Debug|Any CPU.ActiveCfg = Debug|Any CPU
		{482F25EE-D534-4869-9B5A-255CBBE556C8}.Debug|Any CPU.Build.0 = Debug|Any CPU
		{482F25EE-D534-4869-9B5A-255CBBE556C8}.Release|Any CPU.ActiveCfg = Release|Any CPU
		{482F25EE-D534-4869-9B5A-255CBBE556C8}.Release|Any CPU.Build.0 = Release|Any CPU
		{8D7D93C7-50E3-4291-BA11-FA9C2F2CB608}.Debug|Any CPU.ActiveCfg = Debug|Any CPU
		{8D7D93C7-50E3-4291-BA11-FA9C2F2CB608}.Debug|Any CPU.Build.0 = Debug|Any CPU
		{8D7D93C7-50E3-4291-BA11-FA9C2F2CB608}.Release|Any CPU.ActiveCfg = Release|Any CPU
		{8D7D93C7-50E3-4291-BA11-FA9C2F2CB608}.Release|Any CPU.Build.0 = Release|Any CPU
		{03C928C7-A3E7-4A96-9B07-385B8A5378A8}.Debug|Any CPU.ActiveCfg = Debug|Any CPU
		{03C928C7-A3E7-4A96-9B07-385B8A5378A8}.Debug|Any CPU.Build.0 = Debug|Any CPU
		{03C928C7-A3E7-4A96-9B07-385B8A5378A8}.Release|Any CPU.ActiveCfg = Release|Any CPU
		{03C928C7-A3E7-4A96-9B07-385B8A5378A8}.Release|Any CPU.Build.0 = Release|Any CPU
		{991FAFC3-B2E3-408F-8D9A-0EF587A4E7FF}.Debug|Any CPU.ActiveCfg = Debug|Any CPU
		{991FAFC3-B2E3-408F-8D9A-0EF587A4E7FF}.Debug|Any CPU.Build.0 = Debug|Any CPU
		{991FAFC3-B2E3-408F-8D9A-0EF587A4E7FF}.Release|Any CPU.ActiveCfg = Release|Any CPU
		{991FAFC3-B2E3-408F-8D9A-0EF587A4E7FF}.Release|Any CPU.Build.0 = Release|Any CPU
		{F603B91C-3C46-42CA-BE1B-363DEFE2F16C}.Debug|Any CPU.ActiveCfg = Debug|Any CPU
		{F603B91C-3C46-42CA-BE1B-363DEFE2F16C}.Debug|Any CPU.Build.0 = Debug|Any CPU
		{F603B91C-3C46-42CA-BE1B-363DEFE2F16C}.Release|Any CPU.ActiveCfg = Release|Any CPU
		{F603B91C-3C46-42CA-BE1B-363DEFE2F16C}.Release|Any CPU.Build.0 = Release|Any CPU
		{E38C945C-FC67-45C9-88C7-F7B591B46FC6}.Debug|Any CPU.ActiveCfg = Debug|Any CPU
		{E38C945C-FC67-45C9-88C7-F7B591B46FC6}.Debug|Any CPU.Build.0 = Debug|Any CPU
		{E38C945C-FC67-45C9-88C7-F7B591B46FC6}.Release|Any CPU.ActiveCfg = Release|Any CPU
		{E38C945C-FC67-45C9-88C7-F7B591B46FC6}.Release|Any CPU.Build.0 = Release|Any CPU
		{3F04A1A9-B08B-4E9D-99D0-76AE6B5A8698}.Debug|Any CPU.ActiveCfg = Debug|Any CPU
		{3F04A1A9-B08B-4E9D-99D0-76AE6B5A8698}.Debug|Any CPU.Build.0 = Debug|Any CPU
		{3F04A1A9-B08B-4E9D-99D0-76AE6B5A8698}.Release|Any CPU.ActiveCfg = Release|Any CPU
		{3F04A1A9-B08B-4E9D-99D0-76AE6B5A8698}.Release|Any CPU.Build.0 = Release|Any CPU
		{AB14A943-2CFA-441C-A475-3DF5696279D5}.Debug|Any CPU.ActiveCfg = Debug|Any CPU
		{AB14A943-2CFA-441C-A475-3DF5696279D5}.Debug|Any CPU.Build.0 = Debug|Any CPU
		{AB14A943-2CFA-441C-A475-3DF5696279D5}.Release|Any CPU.ActiveCfg = Release|Any CPU
		{AB14A943-2CFA-441C-A475-3DF5696279D5}.Release|Any CPU.Build.0 = Release|Any CPU
		{B88B0698-EBFA-4A05-B3F5-BD753237C57E}.Debug|Any CPU.ActiveCfg = Debug|Any CPU
		{B88B0698-EBFA-4A05-B3F5-BD753237C57E}.Debug|Any CPU.Build.0 = Debug|Any CPU
		{B88B0698-EBFA-4A05-B3F5-BD753237C57E}.Release|Any CPU.ActiveCfg = Release|Any CPU
		{B88B0698-EBFA-4A05-B3F5-BD753237C57E}.Release|Any CPU.Build.0 = Release|Any CPU
		{9BE27A7C-D672-4431-893C-C02029485D15}.Debug|Any CPU.ActiveCfg = Debug|Any CPU
		{9BE27A7C-D672-4431-893C-C02029485D15}.Debug|Any CPU.Build.0 = Debug|Any CPU
		{9BE27A7C-D672-4431-893C-C02029485D15}.Release|Any CPU.ActiveCfg = Release|Any CPU
		{9BE27A7C-D672-4431-893C-C02029485D15}.Release|Any CPU.Build.0 = Release|Any CPU
		{0DAD8E69-BD19-4676-8782-8AF6201E5043}.Debug|Any CPU.ActiveCfg = Debug|Any CPU
		{0DAD8E69-BD19-4676-8782-8AF6201E5043}.Debug|Any CPU.Build.0 = Debug|Any CPU
		{0DAD8E69-BD19-4676-8782-8AF6201E5043}.Release|Any CPU.ActiveCfg = Release|Any CPU
		{0DAD8E69-BD19-4676-8782-8AF6201E5043}.Release|Any CPU.Build.0 = Release|Any CPU
		{F7B0AA63-2076-4863-BFE4-F03FC244308C}.Debug|Any CPU.ActiveCfg = Debug|Any CPU
		{F7B0AA63-2076-4863-BFE4-F03FC244308C}.Debug|Any CPU.Build.0 = Debug|Any CPU
		{F7B0AA63-2076-4863-BFE4-F03FC244308C}.Release|Any CPU.ActiveCfg = Release|Any CPU
		{F7B0AA63-2076-4863-BFE4-F03FC244308C}.Release|Any CPU.Build.0 = Release|Any CPU
		{1FB19F5C-C51E-4AA3-ACB4-228535C553E8}.Debug|Any CPU.ActiveCfg = Debug|Any CPU
		{1FB19F5C-C51E-4AA3-ACB4-228535C553E8}.Debug|Any CPU.Build.0 = Debug|Any CPU
		{1FB19F5C-C51E-4AA3-ACB4-228535C553E8}.Release|Any CPU.ActiveCfg = Release|Any CPU
		{1FB19F5C-C51E-4AA3-ACB4-228535C553E8}.Release|Any CPU.Build.0 = Release|Any CPU
		{17D9CB5F-D54C-4560-B15E-15720CF42943}.Debug|Any CPU.ActiveCfg = Debug|Any CPU
		{17D9CB5F-D54C-4560-B15E-15720CF42943}.Debug|Any CPU.Build.0 = Debug|Any CPU
		{17D9CB5F-D54C-4560-B15E-15720CF42943}.Release|Any CPU.ActiveCfg = Release|Any CPU
		{17D9CB5F-D54C-4560-B15E-15720CF42943}.Release|Any CPU.Build.0 = Release|Any CPU
		{57F8CEAF-3604-435F-81BF-0CF7047294E8}.Debug|Any CPU.ActiveCfg = Debug|Any CPU
		{57F8CEAF-3604-435F-81BF-0CF7047294E8}.Debug|Any CPU.Build.0 = Debug|Any CPU
		{57F8CEAF-3604-435F-81BF-0CF7047294E8}.Release|Any CPU.ActiveCfg = Release|Any CPU
		{57F8CEAF-3604-435F-81BF-0CF7047294E8}.Release|Any CPU.Build.0 = Release|Any CPU
		{FAF94AF5-1AFD-413D-A893-4D3DFF312D12}.Debug|Any CPU.ActiveCfg = Debug|Any CPU
		{FAF94AF5-1AFD-413D-A893-4D3DFF312D12}.Debug|Any CPU.Build.0 = Debug|Any CPU
		{FAF94AF5-1AFD-413D-A893-4D3DFF312D12}.Release|Any CPU.ActiveCfg = Release|Any CPU
		{FAF94AF5-1AFD-413D-A893-4D3DFF312D12}.Release|Any CPU.Build.0 = Release|Any CPU
	EndGlobalSection
	GlobalSection(SolutionProperties) = preSolution
		HideSolutionNode = FALSE
	EndGlobalSection
	GlobalSection(NestedProjects) = preSolution
		{7AFD83D9-6AAB-4567-A053-C9F79EFD4BD8} = {94A22296-FA27-4748-8985-9D6FA3F6931B}
		{CCC98DD7-B6E9-45C3-9D6A-570E8303D5A1} = {FB339FAC-9F68-4CBC-9411-EB104DCBBEBB}
		{169FDE59-CD53-4F57-B27E-553FDA156AFF} = {FB339FAC-9F68-4CBC-9411-EB104DCBBEBB}
		{944A87F0-7E5E-40BB-9327-1AA838C39E57} = {4E8D3ED7-0CD1-4F84-BE62-34270B8501FD}
		{482F25EE-D534-4869-9B5A-255CBBE556C8} = {4E8D3ED7-0CD1-4F84-BE62-34270B8501FD}
		{8D7D93C7-50E3-4291-BA11-FA9C2F2CB608} = {5AADBD6D-150E-4699-BB0E-8F598591FB8C}
		{03C928C7-A3E7-4A96-9B07-385B8A5378A8} = {5AADBD6D-150E-4699-BB0E-8F598591FB8C}
		{991FAFC3-B2E3-408F-8D9A-0EF587A4E7FF} = {ACFBB731-A040-4DE3-A075-53C1873AFF18}
		{F603B91C-3C46-42CA-BE1B-363DEFE2F16C} = {ACFBB731-A040-4DE3-A075-53C1873AFF18}
		{E38C945C-FC67-45C9-88C7-F7B591B46FC6} = {ACFBB731-A040-4DE3-A075-53C1873AFF18}
		{3F04A1A9-B08B-4E9D-99D0-76AE6B5A8698} = {6ADAE61C-8BEA-46DC-A287-841319BA0CA7}
		{AB14A943-2CFA-441C-A475-3DF5696279D5} = {6ADAE61C-8BEA-46DC-A287-841319BA0CA7}
		{B88B0698-EBFA-4A05-B3F5-BD753237C57E} = {ACFBB731-A040-4DE3-A075-53C1873AFF18}
		{9BE27A7C-D672-4431-893C-C02029485D15} = {ACFBB731-A040-4DE3-A075-53C1873AFF18}
		{0DAD8E69-BD19-4676-8782-8AF6201E5043} = {6ADAE61C-8BEA-46DC-A287-841319BA0CA7}
		{F7B0AA63-2076-4863-BFE4-F03FC244308C} = {6ADAE61C-8BEA-46DC-A287-841319BA0CA7}
		{1FB19F5C-C51E-4AA3-ACB4-228535C553E8} = {ACFBB731-A040-4DE3-A075-53C1873AFF18}
		{17D9CB5F-D54C-4560-B15E-15720CF42943} = {ACFBB731-A040-4DE3-A075-53C1873AFF18}
		{57F8CEAF-3604-435F-81BF-0CF7047294E8} = {2D9AE1BB-45CF-4D0C-BFE1-23BBBC5DD74A}
		{FAF94AF5-1AFD-413D-A893-4D3DFF312D12} = {2D9AE1BB-45CF-4D0C-BFE1-23BBBC5DD74A}
	EndGlobalSection
	GlobalSection(ExtensibilityGlobals) = postSolution
		SolutionGuid = {69390040-E36B-43D6-B587-A8E6B7C3C67A}
	EndGlobalSection
EndGlobal
